
Microsoft Visual Studio Solution File, Format Version 12.00
# Visual Studio Version 17
VisualStudioVersion = 17.6.33815.320
MinimumVisualStudioVersion = 10.0.40219.1
Project("{FAE04EC0-301F-11D3-BF4B-00C04F79EFBC}") = "bilgi_yarismasi", "bilgi_yarismasi\bilgi_yarismasi.csproj", "{7E0BF3D1-281D-4336-AAA7-32BB06B1845B}"
EndProject
Global
	GlobalSection(SolutionConfigurationPlatforms) = preSolution
		Debug|Any CPU = Debug|Any CPU
		Release|Any CPU = Release|Any CPU
	EndGlobalSection
	GlobalSection(ProjectConfigurationPlatforms) = postSolution
		{7E0BF3D1-281D-4336-AAA7-32BB06B1845B}.Debug|Any CPU.ActiveCfg = Debug|Any CPU
		{7E0BF3D1-281D-4336-AAA7-32BB06B1845B}.Debug|Any CPU.Build.0 = Debug|Any CPU
		{7E0BF3D1-281D-4336-AAA7-32BB06B1845B}.Release|Any CPU.ActiveCfg = Release|Any CPU
		{7E0BF3D1-281D-4336-AAA7-32BB06B1845B}.Release|Any CPU.Build.0 = Release|Any CPU
	EndGlobalSection
	GlobalSection(SolutionProperties) = preSolution
		HideSolutionNode = FALSE
	EndGlobalSection
	GlobalSection(ExtensibilityGlobals) = postSolution
		SolutionGuid = {575C5C6B-2E65-4059-8F54-3F92E6852808}
	EndGlobalSection
EndGlobal
